
Microsoft Visual Studio Solution File, Format Version 12.00
# Visual Studio Version 16
VisualStudioVersion = 16.0.29728.190
MinimumVisualStudioVersion = 10.0.40219.1
Project("{8BC9CEB8-8B4A-11D0-8D11-00A0C91BC942}") = "Date", "Date\Date.vcxproj", "{CDE08751-0A0C-40CB-9C9E-17C53B7FCC87}"
EndProject
Global
	GlobalSection(SolutionConfigurationPlatforms) = preSolution
		Debug|x64 = Debug|x64
		Debug|x86 = Debug|x86
		Release|x64 = Release|x64
		Release|x86 = Release|x86
	EndGlobalSection
	GlobalSection(ProjectConfigurationPlatforms) = postSolution
		{CDE08751-0A0C-40CB-9C9E-17C53B7FCC87}.Debug|x64.ActiveCfg = Debug|x64
		{CDE08751-0A0C-40CB-9C9E-17C53B7FCC87}.Debug|x64.Build.0 = Debug|x64
		{CDE08751-0A0C-40CB-9C9E-17C53B7FCC87}.Debug|x86.ActiveCfg = Debug|Win32
		{CDE08751-0A0C-40CB-9C9E-17C53B7FCC87}.Debug|x86.Build.0 = Debug|Win32
		{CDE08751-0A0C-40CB-9C9E-17C53B7FCC87}.Release|x64.ActiveCfg = Release|x64
		{CDE08751-0A0C-40CB-9C9E-17C53B7FCC87}.Release|x64.Build.0 = Release|x64
		{CDE08751-0A0C-40CB-9C9E-17C53B7FCC87}.Release|x86.ActiveCfg = Release|Win32
		{CDE08751-0A0C-40CB-9C9E-17C53B7FCC87}.Release|x86.Build.0 = Release|Win32
	EndGlobalSection
	GlobalSection(SolutionProperties) = preSolution
		HideSolutionNode = FALSE
	EndGlobalSection
	GlobalSection(ExtensibilityGlobals) = postSolution
		SolutionGuid = {299A364C-0459-4F3B-854E-458C102C04D9}
	EndGlobalSection
EndGlobal
