
Microsoft Visual Studio Solution File, Format Version 12.00
# Visual Studio Version 16
VisualStudioVersion = 16.0.29728.190
MinimumVisualStudioVersion = 10.0.40219.1
Project("{8BC9CEB8-8B4A-11D0-8D11-00A0C91BC942}") = "shapes", "shapes\shapes.vcxproj", "{DF2AA701-9003-4593-8846-34D44171B00D}"
EndProject
Global
	GlobalSection(SolutionConfigurationPlatforms) = preSolution
		Debug|x64 = Debug|x64
		Debug|x86 = Debug|x86
		Release|x64 = Release|x64
		Release|x86 = Release|x86
	EndGlobalSection
	GlobalSection(ProjectConfigurationPlatforms) = postSolution
		{DF2AA701-9003-4593-8846-34D44171B00D}.Debug|x64.ActiveCfg = Debug|x64
		{DF2AA701-9003-4593-8846-34D44171B00D}.Debug|x64.Build.0 = Debug|x64
		{DF2AA701-9003-4593-8846-34D44171B00D}.Debug|x86.ActiveCfg = Debug|Win32
		{DF2AA701-9003-4593-8846-34D44171B00D}.Debug|x86.Build.0 = Debug|Win32
		{DF2AA701-9003-4593-8846-34D44171B00D}.Release|x64.ActiveCfg = Release|x64
		{DF2AA701-9003-4593-8846-34D44171B00D}.Release|x64.Build.0 = Release|x64
		{DF2AA701-9003-4593-8846-34D44171B00D}.Release|x86.ActiveCfg = Release|Win32
		{DF2AA701-9003-4593-8846-34D44171B00D}.Release|x86.Build.0 = Release|Win32
	EndGlobalSection
	GlobalSection(SolutionProperties) = preSolution
		HideSolutionNode = FALSE
	EndGlobalSection
	GlobalSection(ExtensibilityGlobals) = postSolution
		SolutionGuid = {470DD2F3-7D01-417B-AC2C-8103E074027C}
	EndGlobalSection
EndGlobal
